
Microsoft Visual Studio Solution File, Format Version 12.00
# Visual Studio Version 17
VisualStudioVersion = 17.10.35027.167
MinimumVisualStudioVersion = 10.0.40219.1
Project("{FAE04EC0-301F-11D3-BF4B-00C04F79EFBC}") = "UzStay.Api", "UzStay.Api\UzStay.Api.csproj", "{48D9699A-8E52-442C-A45C-FDD3DED3734A}"
EndProject
Global
	GlobalSection(SolutionConfigurationPlatforms) = preSolution
		Debug|Any CPU = Debug|Any CPU
		Release|Any CPU = Release|Any CPU
	EndGlobalSection
	GlobalSection(ProjectConfigurationPlatforms) = postSolution
		{48D9699A-8E52-442C-A45C-FDD3DED3734A}.Debug|Any CPU.ActiveCfg = Debug|Any CPU
		{48D9699A-8E52-442C-A45C-FDD3DED3734A}.Debug|Any CPU.Build.0 = Debug|Any CPU
		{48D9699A-8E52-442C-A45C-FDD3DED3734A}.Release|Any CPU.ActiveCfg = Release|Any CPU
		{48D9699A-8E52-442C-A45C-FDD3DED3734A}.Release|Any CPU.Build.0 = Release|Any CPU
	EndGlobalSection
	GlobalSection(SolutionProperties) = preSolution
		HideSolutionNode = FALSE
	EndGlobalSection
	GlobalSection(ExtensibilityGlobals) = postSolution
		SolutionGuid = {ACC1959C-3F46-4428-B6F8-C323165FEBD1}
	EndGlobalSection
EndGlobal
